
Microsoft Visual Studio Solution File, Format Version 12.00
# Visual Studio Version 16
VisualStudioVersion = 16.0.29709.97
MinimumVisualStudioVersion = 10.0.40219.1
Project("{2150E333-8FDC-42A3-9474-1A3956D46DE8}") = "Tests", "Tests", "{E0485F4D-842B-4F43-A33D-7E3CBA45D310}"
EndProject
Project("{2150E333-8FDC-42A3-9474-1A3956D46DE8}") = "Docs", "Docs", "{C2949E0C-1BDA-4B2C-8531-A026A53A2740}"
	ProjectSection(SolutionItems) = preProject
		README.md = README.md
		docs\RELEASE-NOTES.md = docs\RELEASE-NOTES.md
	EndProjectSection
EndProject
Project("{2150E333-8FDC-42A3-9474-1A3956D46DE8}") = "Build", "Build", "{3F9A73C8-62AF-4AFB-9508-C56E35AF62BF}"
	ProjectSection(SolutionItems) = preProject
		build\build.cake = build\build.cake
		build\ByteDev.Time.nuspec = build\ByteDev.Time.nuspec
		build\ByteDev.Utilities.cake = build\ByteDev.Utilities.cake
	EndProjectSection
EndProject
Project("{9A19103F-16F7-4668-BE54-9A1E7A4F7556}") = "ByteDev.Time", "src\ByteDev.Time\ByteDev.Time.csproj", "{4885C26C-08F7-477F-976A-8BCC86DDAF64}"
EndProject
Project("{2150E333-8FDC-42A3-9474-1A3956D46DE8}") = "UnitTests", "UnitTests", "{B3628ACA-D0D3-4DB5-ADE9-D9F64BF8937F}"
EndProject
Project("{9A19103F-16F7-4668-BE54-9A1E7A4F7556}") = "ByteDev.Time.UnitTests", "tests\ByteDev.Time.UnitTests\ByteDev.Time.UnitTests.csproj", "{6263194A-4250-4CDD-85E1-DB6187D0159A}"
EndProject
Global
	GlobalSection(SolutionConfigurationPlatforms) = preSolution
		Debug|Any CPU = Debug|Any CPU
		Release|Any CPU = Release|Any CPU
	EndGlobalSection
	GlobalSection(ProjectConfigurationPlatforms) = postSolution
		{4885C26C-08F7-477F-976A-8BCC86DDAF64}.Debug|Any CPU.ActiveCfg = Debug|Any CPU
		{4885C26C-08F7-477F-976A-8BCC86DDAF64}.Debug|Any CPU.Build.0 = Debug|Any CPU
		{4885C26C-08F7-477F-976A-8BCC86DDAF64}.Release|Any CPU.ActiveCfg = Release|Any CPU
		{4885C26C-08F7-477F-976A-8BCC86DDAF64}.Release|Any CPU.Build.0 = Release|Any CPU
		{6263194A-4250-4CDD-85E1-DB6187D0159A}.Debug|Any CPU.ActiveCfg = Debug|Any CPU
		{6263194A-4250-4CDD-85E1-DB6187D0159A}.Debug|Any CPU.Build.0 = Debug|Any CPU
		{6263194A-4250-4CDD-85E1-DB6187D0159A}.Release|Any CPU.ActiveCfg = Release|Any CPU
		{6263194A-4250-4CDD-85E1-DB6187D0159A}.Release|Any CPU.Build.0 = Release|Any CPU
	EndGlobalSection
	GlobalSection(SolutionProperties) = preSolution
		HideSolutionNode = FALSE
	EndGlobalSection
	GlobalSection(NestedProjects) = preSolution
		{B3628ACA-D0D3-4DB5-ADE9-D9F64BF8937F} = {E0485F4D-842B-4F43-A33D-7E3CBA45D310}
		{6263194A-4250-4CDD-85E1-DB6187D0159A} = {B3628ACA-D0D3-4DB5-ADE9-D9F64BF8937F}
	EndGlobalSection
	GlobalSection(ExtensibilityGlobals) = postSolution
		SolutionGuid = {934609B1-FFDD-479E-AE0A-E3D75790C5F6}
	EndGlobalSection
EndGlobal
